<?xml version="1.0" encoding="utf-8"?>
<Project ToolsVersion="4.0" xmlns="http://schemas.microsoft.com/developer/msbuild/2003">
  <ItemGroup>
    <ClCompile Include="1.cpp" />
    <ClCompile Include="3.cpp" />
    <ClCompile Include="4.cpp" />
    <ClCompile Include="5.cpp" />
    <ClCompile Include="6.cpp" />
    <ClCompile Include="7.cpp" />
    <ClCompile Include="8.cpp" />
    <ClCompile Include="9.cpp" />
    <ClCompile Include="10.cpp" />
    <ClCompile Include="11.cpp" />
    <ClCompile Include="12.cpp" />
    <ClCompile Include="13.cpp" />
    <ClCompile Include="14.cpp" />
    <ClCompile Include="15.cpp" />
    <ClCompile Include="16.cpp" />
    <ClCompile Include="17.cpp" />
    <ClCompile Include="18.cpp" />
    <ClCompile Include="19.cpp" />
    <ClCompile Include="BinaryTree.cpp" />
    <ClCompile Include="20.cpp" />
    <ClCompile Include="MyStack.cpp" />
    <ClCompile Include="21.cpp" />
    <ClCompile Include="22.cpp" />
    <ClCompile Include="23.cpp" />
    <ClCompile Include="24.cpp" />
    <ClCompile Include="25.cpp" />
    <ClCompile Include="26.cpp" />
    <ClCompile Include="27.cpp" />
    <ClCompile Include="28.cpp" />
    <ClCompile Include="29.cpp" />
    <ClCompile Include="30.cpp" />
    <ClCompile Include="31.cpp" />
    <ClCompile Include="32.cpp" />
    <ClCompile Include="33.cpp" />
    <ClCompile Include="34.cpp" />
  </ItemGroup>
  <ItemGroup>
    <ClInclude Include="BinaryTree.h" />
    <ClInclude Include="MyStack.h" />
  </ItemGroup>
</Project>